
Microsoft Visual Studio Solution File, Format Version 12.00
# Visual Studio Version 17
VisualStudioVersion = 17.10.35027.167
MinimumVisualStudioVersion = 10.0.40219.1
Project("{FAE04EC0-301F-11D3-BF4B-00C04F79EFBC}") = "taller.Supermarket", "taller.Supermarket\taller.Supermarket.csproj", "{FCC7E009-BA37-44E3-851A-DC42C4967433}"
EndProject
Global
	GlobalSection(SolutionConfigurationPlatforms) = preSolution
		Debug|Any CPU = Debug|Any CPU
		Release|Any CPU = Release|Any CPU
	EndGlobalSection
	GlobalSection(ProjectConfigurationPlatforms) = postSolution
		{FCC7E009-BA37-44E3-851A-DC42C4967433}.Debug|Any CPU.ActiveCfg = Debug|Any CPU
		{FCC7E009-BA37-44E3-851A-DC42C4967433}.Debug|Any CPU.Build.0 = Debug|Any CPU
		{FCC7E009-BA37-44E3-851A-DC42C4967433}.Release|Any CPU.ActiveCfg = Release|Any CPU
		{FCC7E009-BA37-44E3-851A-DC42C4967433}.Release|Any CPU.Build.0 = Release|Any CPU
	EndGlobalSection
	GlobalSection(SolutionProperties) = preSolution
		HideSolutionNode = FALSE
	EndGlobalSection
	GlobalSection(ExtensibilityGlobals) = postSolution
		SolutionGuid = {364D456E-B292-4BF9-A80B-F846346CF7E8}
	EndGlobalSection
EndGlobal
